
Microsoft Visual Studio Solution File, Format Version 12.00
# Visual Studio Version 16
VisualStudioVersion = 16.0.32413.511
MinimumVisualStudioVersion = 10.0.40219.1
Project("{FAE04EC0-301F-11D3-BF4B-00C04F79EFBC}") = "Task 1", "Task 1\Task 1.csproj", "{196EC01F-EF23-4A83-80DE-70F230206189}"
EndProject
Project("{FAE04EC0-301F-11D3-BF4B-00C04F79EFBC}") = "Task 2", "Task 2\Task 2.csproj", "{042F8765-1AD6-4FD1-8B2B-A3F68FCAA4D2}"
EndProject
Project("{FAE04EC0-301F-11D3-BF4B-00C04F79EFBC}") = "Task 3", "Task 3\Task 3.csproj", "{1CC3735F-DAD3-4D7A-B157-3D493E6489C9}"
EndProject
Project("{FAE04EC0-301F-11D3-BF4B-00C04F79EFBC}") = "Task 4", "Task 4\Task 4.csproj", "{954F0AC8-D8F1-4AAE-A443-1A37EA1B3719}"
EndProject
Global
	GlobalSection(SolutionConfigurationPlatforms) = preSolution
		Debug|Any CPU = Debug|Any CPU
		Release|Any CPU = Release|Any CPU
	EndGlobalSection
	GlobalSection(ProjectConfigurationPlatforms) = postSolution
		{196EC01F-EF23-4A83-80DE-70F230206189}.Debug|Any CPU.ActiveCfg = Debug|Any CPU
		{196EC01F-EF23-4A83-80DE-70F230206189}.Debug|Any CPU.Build.0 = Debug|Any CPU
		{196EC01F-EF23-4A83-80DE-70F230206189}.Release|Any CPU.ActiveCfg = Release|Any CPU
		{196EC01F-EF23-4A83-80DE-70F230206189}.Release|Any CPU.Build.0 = Release|Any CPU
		{042F8765-1AD6-4FD1-8B2B-A3F68FCAA4D2}.Debug|Any CPU.ActiveCfg = Debug|Any CPU
		{042F8765-1AD6-4FD1-8B2B-A3F68FCAA4D2}.Debug|Any CPU.Build.0 = Debug|Any CPU
		{042F8765-1AD6-4FD1-8B2B-A3F68FCAA4D2}.Release|Any CPU.ActiveCfg = Release|Any CPU
		{042F8765-1AD6-4FD1-8B2B-A3F68FCAA4D2}.Release|Any CPU.Build.0 = Release|Any CPU
		{1CC3735F-DAD3-4D7A-B157-3D493E6489C9}.Debug|Any CPU.ActiveCfg = Debug|Any CPU
		{1CC3735F-DAD3-4D7A-B157-3D493E6489C9}.Debug|Any CPU.Build.0 = Debug|Any CPU
		{1CC3735F-DAD3-4D7A-B157-3D493E6489C9}.Release|Any CPU.ActiveCfg = Release|Any CPU
		{1CC3735F-DAD3-4D7A-B157-3D493E6489C9}.Release|Any CPU.Build.0 = Release|Any CPU
		{954F0AC8-D8F1-4AAE-A443-1A37EA1B3719}.Debug|Any CPU.ActiveCfg = Debug|Any CPU
		{954F0AC8-D8F1-4AAE-A443-1A37EA1B3719}.Debug|Any CPU.Build.0 = Debug|Any CPU
		{954F0AC8-D8F1-4AAE-A443-1A37EA1B3719}.Release|Any CPU.ActiveCfg = Release|Any CPU
		{954F0AC8-D8F1-4AAE-A443-1A37EA1B3719}.Release|Any CPU.Build.0 = Release|Any CPU
	EndGlobalSection
	GlobalSection(SolutionProperties) = preSolution
		HideSolutionNode = FALSE
	EndGlobalSection
	GlobalSection(ExtensibilityGlobals) = postSolution
		SolutionGuid = {12DAAD2D-7279-4483-B1F0-11F85B033A12}
	EndGlobalSection
EndGlobal
